
Microsoft Visual Studio Solution File, Format Version 12.00
# Visual Studio Version 16
VisualStudioVersion = 16.0.30413.136
MinimumVisualStudioVersion = 10.0.40219.1
Project("{FAE04EC0-301F-11D3-BF4B-00C04F79EFBC}") = "ProyectoASPMVC", "ProyectoASPMVC.csproj", "{9C10BA48-34CE-4558-80D9-226DB0DEDD48}"
EndProject
Global
	GlobalSection(SolutionConfigurationPlatforms) = preSolution
		Debug|Any CPU = Debug|Any CPU
		Release|Any CPU = Release|Any CPU
	EndGlobalSection
	GlobalSection(ProjectConfigurationPlatforms) = postSolution
		{9C10BA48-34CE-4558-80D9-226DB0DEDD48}.Debug|Any CPU.ActiveCfg = Debug|Any CPU
		{9C10BA48-34CE-4558-80D9-226DB0DEDD48}.Debug|Any CPU.Build.0 = Debug|Any CPU
		{9C10BA48-34CE-4558-80D9-226DB0DEDD48}.Release|Any CPU.ActiveCfg = Release|Any CPU
		{9C10BA48-34CE-4558-80D9-226DB0DEDD48}.Release|Any CPU.Build.0 = Release|Any CPU
	EndGlobalSection
	GlobalSection(SolutionProperties) = preSolution
		HideSolutionNode = FALSE
	EndGlobalSection
	GlobalSection(ExtensibilityGlobals) = postSolution
		SolutionGuid = {A9D76AE4-CF9A-4424-8B90-E302CC5CE153}
	EndGlobalSection
EndGlobal
